
Microsoft Visual Studio Solution File, Format Version 9.00
# Visual Studio 2005
Project("{F184B08F-C81C-45F6-A57F-5ABD9991F28F}") = "Cheques and Deposits Project", "Cheques and Deposits Project\Cheques and Deposits Project.vbproj", "{79B84FAC-AE88-43B5-8990-05F74C73721C}"
EndProject
Global
	GlobalSection(SolutionConfigurationPlatforms) = preSolution
		Debug|Any CPU = Debug|Any CPU
		Release|Any CPU = Release|Any CPU
	EndGlobalSection
	GlobalSection(ProjectConfigurationPlatforms) = postSolution
		{79B84FAC-AE88-43B5-8990-05F74C73721C}.Debug|Any CPU.ActiveCfg = Debug|Any CPU
		{79B84FAC-AE88-43B5-8990-05F74C73721C}.Debug|Any CPU.Build.0 = Debug|Any CPU
		{79B84FAC-AE88-43B5-8990-05F74C73721C}.Release|Any CPU.ActiveCfg = Release|Any CPU
		{79B84FAC-AE88-43B5-8990-05F74C73721C}.Release|Any CPU.Build.0 = Release|Any CPU
	EndGlobalSection
	GlobalSection(SolutionProperties) = preSolution
		HideSolutionNode = FALSE
	EndGlobalSection
EndGlobal
